// !$*UTF8*$!
{
	archiveVersion = 1;
	classes = {
	};
	objectVersion = 50;
	objects = {

/* Begin PBXBuildFile section */
		BD913197269A98D700A8ADC9 /* Image_Card_ViewerApp.swift in Sources */ = {isa = PBXBuildFile; fileRef = BD913184269A98D300A8ADC9 /* Image_Card_ViewerApp.swift */; };
		BD913198269A98D700A8ADC9 /* Image_Card_ViewerApp.swift in Sources */ = {isa = PBXBuildFile; fileRef = BD913184269A98D300A8ADC9 /* Image_Card_ViewerApp.swift */; };
		BD913199269A98D700A8ADC9 /* ContentView.swift in Sources */ = {isa = PBXBuildFile; fileRef = BD913185269A98D300A8ADC9 /* ContentView.swift */; };
		BD91319A269A98D700A8ADC9 /* ContentView.swift in Sources */ = {isa = PBXBuildFile; fileRef = BD913185269A98D300A8ADC9 /* ContentView.swift */; };
		BD91319B269A98D700A8ADC9 /* Assets.xcassets in Resources */ = {isa = PBXBuildFile; fileRef = BD913186269A98D700A8ADC9 /* Assets.xcassets */; };
		BD91319C269A98D700A8ADC9 /* Assets.xcassets in Resources */ = {isa = PBXBuildFile; fileRef = BD913186269A98D700A8ADC9 /* Assets.xcassets */; };
		BD9131A7269AAFCD00A8ADC9 /* File.swift in Sources */ = {isa = PBXBuildFile; fileRef = BD9131A6269AAFCD00A8ADC9 /* File.swift */; };
		BD9131A8269AAFCD00A8ADC9 /* File.swift in Sources */ = {isa = PBXBuildFile; fileRef = BD9131A6269AAFCD00A8ADC9 /* File.swift */; };
/* End PBXBuildFile section */

/* Begin PBXFileReference section */
		BD913184269A98D300A8ADC9 /* Image_Card_ViewerApp.swift */ = {isa = PBXFileReference; lastKnownFileType = sourcecode.swift; path = Image_Card_ViewerApp.swift; sourceTree = "<group>"; };
		BD913185269A98D300A8ADC9 /* ContentView.swift */ = {isa = PBXFileReference; lastKnownFileType = sourcecode.swift; path = ContentView.swift; sourceTree = "<group>"; };
		BD913186269A98D700A8ADC9 /* Assets.xcassets */ = {isa = PBXFileReference; lastKnownFileType = folder.assetcatalog; path = Assets.xcassets; sourceTree = "<group>"; };
		BD91318B269A98D700A8ADC9 /* Image Card Viewer.app */ = {isa = PBXFileReference; explicitFileType = wrapper.application; includeInIndex = 0; path = "Image Card Viewer.app"; sourceTree = BUILT_PRODUCTS_DIR; };
		BD91318E269A98D700A8ADC9 /* Info.plist */ = {isa = PBXFileReference; lastKnownFileType = text.plist.xml; path = Info.plist; sourceTree = "<group>"; };
		BD913193269A98D700A8ADC9 /* Image Card Viewer.app */ = {isa = PBXFileReference; explicitFileType = wrapper.application; includeInIndex = 0; path = "Image Card Viewer.app"; sourceTree = BUILT_PRODUCTS_DIR; };
		BD913195269A98D700A8ADC9 /* Info.plist */ = {isa = PBXFileReference; lastKnownFileType = text.plist.xml; path = Info.plist; sourceTree = "<group>"; };
		BD913196269A98D700A8ADC9 /* macOS.entitlements */ = {isa = PBXFileReference; lastKnownFileType = text.plist.entitlements; path = macOS.entitlements; sourceTree = "<group>"; };
		BD9131A6269AAFCD00A8ADC9 /* File.swift */ = {isa = PBXFileReference; lastKnownFileType = sourcecode.swift; path = File.swift; sourceTree = "<group>"; };
/* End PBXFileReference section */

/* Begin PBXFrameworksBuildPhase section */
		BD913188269A98D700A8ADC9 /* Frameworks */ = {
			isa = PBXFrameworksBuildPhase;
			buildActionMask = 2147483647;
			files = (
			);
			runOnlyForDeploymentPostprocessing = 0;
		};
		BD913190269A98D700A8ADC9 /* Frameworks */ = {
			isa = PBXFrameworksBuildPhase;
			buildActionMask = 2147483647;
			files = (
			);
			runOnlyForDeploymentPostprocessing = 0;
		};
/* End PBXFrameworksBuildPhase section */

/* Begin PBXGroup section */
		BD91317E269A98D300A8ADC9 = {
			isa = PBXGroup;
			children = (
				BD913183269A98D300A8ADC9 /* Shared */,
				BD91318D269A98D700A8ADC9 /* iOS */,
				BD913194269A98D700A8ADC9 /* macOS */,
				BD91318C269A98D700A8ADC9 /* Products */,
			);
			sourceTree = "<group>";
		};
		BD913183269A98D300A8ADC9 /* Shared */ = {
			isa = PBXGroup;
			children = (
				BD913184269A98D300A8ADC9 /* Image_Card_ViewerApp.swift */,
				BD913185269A98D300A8ADC9 /* ContentView.swift */,
				BD913186269A98D700A8ADC9 /* Assets.xcassets */,
				BD9131A5269AAFBF00A8ADC9 /* Data */,
			);
			path = Shared;
			sourceTree = "<group>";
		};
		BD91318C269A98D700A8ADC9 /* Products */ = {
			isa = PBXGroup;
			children = (
				BD91318B269A98D700A8ADC9 /* Image Card Viewer.app */,
				BD913193269A98D700A8ADC9 /* Image Card Viewer.app */,
			);
			name = Products;
			sourceTree = "<group>";
		};
		BD91318D269A98D700A8ADC9 /* iOS */ = {
			isa = PBXGroup;
			children = (
				BD91318E269A98D700A8ADC9 /* Info.plist */,
			);
			path = iOS;
			sourceTree = "<group>";
		};
		BD913194269A98D700A8ADC9 /* macOS */ = {
			isa = PBXGroup;
			children = (
				BD913195269A98D700A8ADC9 /* Info.plist */,
				BD913196269A98D700A8ADC9 /* macOS.entitlements */,
			);
			path = macOS;
			sourceTree = "<group>";
		};
		BD9131A5269AAFBF00A8ADC9 /* Data */ = {
			isa = PBXGroup;
			children = (
				BD9131A6269AAFCD00A8ADC9 /* File.swift */,
			);
			path = Data;
			sourceTree = "<group>";
		};
/* End PBXGroup section */

/* Begin PBXNativeTarget section */
		BD91318A269A98D700A8ADC9 /* Image Card Viewer (iOS) */ = {
			isa = PBXNativeTarget;
			buildConfigurationList = BD91319F269A98D700A8ADC9 /* Build configuration list for PBXNativeTarget "Image Card Viewer (iOS)" */;
			buildPhases = (
				BD913187269A98D700A8ADC9 /* Sources */,
				BD913188269A98D700A8ADC9 /* Frameworks */,
				BD913189269A98D700A8ADC9 /* Resources */,
			);
			buildRules = (
			);
			dependencies = (
			);
			name = "Image Card Viewer (iOS)";
			productName = "Image Card Viewer (iOS)";
			productReference = BD91318B269A98D700A8ADC9 /* Image Card Viewer.app */;
			productType = "com.apple.product-type.application";
		};
		BD913192269A98D700A8ADC9 /* Image Card Viewer (macOS) */ = {
			isa = PBXNativeTarget;
			buildConfigurationList = BD9131A2269A98D700A8ADC9 /* Build configuration list for PBXNativeTarget "Image Card Viewer (macOS)" */;
			buildPhases = (
				BD91318F269A98D700A8ADC9 /* Sources */,
				BD913190269A98D700A8ADC9 /* Frameworks */,
				BD913191269A98D700A8ADC9 /* Resources */,
			);
			buildRules = (
			);
			dependencies = (
			);
			name = "Image Card Viewer (macOS)";
			productName = "Image Card Viewer (macOS)";
			productReference = BD913193269A98D700A8ADC9 /* Image Card Viewer.app */;
			productType = "com.apple.product-type.application";
		};
/* End PBXNativeTarget section */

/* Begin PBXProject section */
		BD91317F269A98D300A8ADC9 /* Project object */ = {
			isa = PBXProject;
			attributes = {
				LastSwiftUpdateCheck = 1250;
				LastUpgradeCheck = 1250;
				TargetAttributes = {
					BD91318A269A98D700A8ADC9 = {
						CreatedOnToolsVersion = 12.5.1;
					};
					BD913192269A98D700A8ADC9 = {
						CreatedOnToolsVersion = 12.5.1;
					};
				};
			};
			buildConfigurationList = BD913182269A98D300A8ADC9 /* Build configuration list for PBXProject "Image Card Viewer" */;
			compatibilityVersion = "Xcode 9.3";
			developmentRegion = en;
			hasScannedForEncodings = 0;
			knownRegions = (
				en,
				Base,
			);
			mainGroup = BD91317E269A98D300A8ADC9;
			productRefGroup = BD91318C269A98D700A8ADC9 /* Products */;
			projectDirPath = "";
			projectRoot = "";
			targets = (
				BD91318A269A98D700A8ADC9 /* Image Card Viewer (iOS) */,
				BD913192269A98D700A8ADC9 /* Image Card Viewer (macOS) */,
			);
		};
/* End PBXProject section */

/* Begin PBXResourcesBuildPhase section */
		BD913189269A98D700A8ADC9 /* Resources */ = {
			isa = PBXResourcesBuildPhase;
			buildActionMask = 2147483647;
			files = (
				BD91319B269A98D700A8ADC9 /* Assets.xcassets in Resources */,
			);
			runOnlyForDeploymentPostprocessing = 0;
		};
		BD913191269A98D700A8ADC9 /* Resources */ = {
			isa = PBXResourcesBuildPhase;
			buildActionMask = 2147483647;
			files = (
				BD91319C269A98D700A8ADC9 /* Assets.xcassets in Resources */,
			);
			runOnlyForDeploymentPostprocessing = 0;
		};
/* End PBXResourcesBuildPhase section */

/* Begin PBXSourcesBuildPhase section */
		BD913187269A98D700A8ADC9 /* Sources */ = {
			isa = PBXSourcesBuildPhase;
			buildActionMask = 2147483647;
			files = (
				BD913199269A98D700A8ADC9 /* ContentView.swift in Sources */,
				BD9131A7269AAFCD00A8ADC9 /* File.swift in Sources */,
				BD913197269A98D700A8ADC9 /* Image_Card_ViewerApp.swift in Sources */,
			);
			runOnlyForDeploymentPostprocessing = 0;
		};
		BD91318F269A98D700A8ADC9 /* Sources */ = {
			isa = PBXSourcesBuildPhase;
			buildActionMask = 2147483647;
			files = (
				BD91319A269A98D700A8ADC9 /* ContentView.swift in Sources */,
				BD9131A8269AAFCD00A8ADC9 /* File.swift in Sources */,
				BD913198269A98D700A8ADC9 /* Image_Card_ViewerApp.swift in Sources */,
			);
			runOnlyForDeploymentPostprocessing = 0;
		};
/* End PBXSourcesBuildPhase section */

/* Begin XCBuildConfiguration section */
		BD91319D269A98D700A8ADC9 /* Debug */ = {
			isa = XCBuildConfiguration;
			buildSettings = {
				ALWAYS_SEARCH_USER_PATHS = NO;
				CLANG_ANALYZER_NONNULL = YES;
				CLANG_ANALYZER_NUMBER_OBJECT_CONVERSION = YES_AGGRESSIVE;
				CLANG_CXX_LANGUAGE_STANDARD = "gnu++14";
				CLANG_CXX_LIBRARY = "libc++";
				CLANG_ENABLE_MODULES = YES;
				CLANG_ENABLE_OBJC_ARC = YES;
				CLANG_ENABLE_OBJC_WEAK = YES;
				CLANG_WARN_BLOCK_CAPTURE_AUTORELEASING = YES;
				CLANG_WARN_BOOL_CONVERSION = YES;
				CLANG_WARN_COMMA = YES;
				CLANG_WARN_CONSTANT_CONVERSION = YES;
				CLANG_WARN_DEPRECATED_OBJC_IMPLEMENTATIONS = YES;
				CLANG_WARN_DIRECT_OBJC_ISA_USAGE = YES_ERROR;
				CLANG_WARN_DOCUMENTATION_COMMENTS = YES;
				CLANG_WARN_EMPTY_BODY = YES;
				CLANG_WARN_ENUM_CONVERSION = YES;
				CLANG_WARN_INFINITE_RECURSION = YES;
				CLANG_WARN_INT_CONVERSION = YES;
				CLANG_WARN_NON_LITERAL_NULL_CONVERSION = YES;
				CLANG_WARN_OBJC_IMPLICIT_RETAIN_SELF = YES;
				CLANG_WARN_OBJC_LITERAL_CONVERSION = YES;
				CLANG_WARN_OBJC_ROOT_CLASS = YES_ERROR;
				CLANG_WARN_QUOTED_INCLUDE_IN_FRAMEWORK_HEADER = YES;
				CLANG_WARN_RANGE_LOOP_ANALYSIS = YES;
				CLANG_WARN_STRICT_PROTOTYPES = YES;
				CLANG_WARN_SUSPICIOUS_MOVE = YES;
				CLANG_WARN_UNGUARDED_AVAILABILITY = YES_AGGRESSIVE;
				CLANG_WARN_UNREACHABLE_CODE = YES;
				CLANG_WARN__DUPLICATE_METHOD_MATCH = YES;
				COPY_PHASE_STRIP = NO;
				DEBUG_INFORMATION_FORMAT = dwarf;
				ENABLE_STRICT_OBJC_MSGSEND = YES;
				ENABLE_TESTABILITY = YES;
				GCC_C_LANGUAGE_STANDARD = gnu11;
				GCC_DYNAMIC_NO_PIC = NO;
				GCC_NO_COMMON_BLOCKS = YES;
				GCC_OPTIMIZATION_LEVEL = 0;
				GCC_PREPROCESSOR_DEFINITIONS = (
					"DEBUG=1",
					"$(inherited)",
				);
				GCC_WARN_64_TO_32_BIT_CONVERSION = YES;
				GCC_WARN_ABOUT_RETURN_TYPE = YES_ERROR;
				GCC_WARN_UNDECLARED_SELECTOR = YES;
				GCC_WARN_UNINITIALIZED_AUTOS = YES_AGGRESSIVE;
				GCC_WARN_UNUSED_FUNCTION = YES;
				GCC_WARN_UNUSED_VARIABLE = YES;
				MTL_ENABLE_DEBUG_INFO = INCLUDE_SOURCE;
				MTL_FAST_MATH = YES;
				ONLY_ACTIVE_ARCH = YES;
				SWIFT_ACTIVE_COMPILATION_CONDITIONS = DEBUG;
				SWIFT_OPTIMIZATION_LEVEL = "-Onone";
			};
			name = Debug;
		};
		BD91319E269A98D700A8ADC9 /* Release */ = {
			isa = XCBuildConfiguration;
			buildSettings = {
				ALWAYS_SEARCH_USER_PATHS = NO;
				CLANG_ANALYZER_NONNULL = YES;
				CLANG_ANALYZER_NUMBER_OBJECT_CONVERSION = YES_AGGRESSIVE;
				CLANG_CXX_LANGUAGE_STANDARD = "gnu++14";
				CLANG_CXX_LIBRARY = "libc++";
				CLANG_ENABLE_MODULES = YES;
				CLANG_ENABLE_OBJC_ARC = YES;
				CLANG_ENABLE_OBJC_WEAK = YES;
				CLANG_WARN_BLOCK_CAPTURE_AUTORELEASING = YES;
				CLANG_WARN_BOOL_CONVERSION = YES;
				CLANG_WARN_COMMA = YES;
				CLANG_WARN_CONSTANT_CONVERSION = YES;
				CLANG_WARN_DEPRECATED_OBJC_IMPLEMENTATIONS = YES;
				CLANG_WARN_DIRECT_OBJC_ISA_USAGE = YES_ERROR;
				CLANG_WARN_DOCUMENTATION_COMMENTS = YES;
				CLANG_WARN_EMPTY_BODY = YES;
				CLANG_WARN_ENUM_CONVERSION = YES;
				CLANG_WARN_INFINITE_RECURSION = YES;
				CLANG_WARN_INT_CONVERSION = YES;
				CLANG_WARN_NON_LITERAL_NULL_CONVERSION = YES;
				CLANG_WARN_OBJC_IMPLICIT_RETAIN_SELF = YES;
				CLANG_WARN_OBJC_LITERAL_CONVERSION = YES;
				CLANG_WARN_OBJC_ROOT_CLASS = YES_ERROR;
				CLANG_WARN_QUOTED_INCLUDE_IN_FRAMEWORK_HEADER = YES;
				CLANG_WARN_RANGE_LOOP_ANALYSIS = YES;
				CLANG_WARN_STRICT_PROTOTYPES = YES;
				CLANG_WARN_SUSPICIOUS_MOVE = YES;
				CLANG_WARN_UNGUARDED_AVAILABILITY = YES_AGGRESSIVE;
				CLANG_WARN_UNREACHABLE_CODE = YES;
				CLANG_WARN__DUPLICATE_METHOD_MATCH = YES;
				COPY_PHASE_STRIP = NO;
				DEBUG_INFORMATION_FORMAT = "dwarf-with-dsym";
				ENABLE_NS_ASSERTIONS = NO;
				ENABLE_STRICT_OBJC_MSGSEND = YES;
				GCC_C_LANGUAGE_STANDARD = gnu11;
				GCC_NO_COMMON_BLOCKS = YES;
				GCC_WARN_64_TO_32_BIT_CONVERSION = YES;
				GCC_WARN_ABOUT_RETURN_TYPE = YES_ERROR;
				GCC_WARN_UNDECLARED_SELECTOR = YES;
				GCC_WARN_UNINITIALIZED_AUTOS = YES_AGGRESSIVE;
				GCC_WARN_UNUSED_FUNCTION = YES;
				GCC_WARN_UNUSED_VARIABLE = YES;
				MTL_ENABLE_DEBUG_INFO = NO;
				MTL_FAST_MATH = YES;
				SWIFT_COMPILATION_MODE = wholemodule;
				SWIFT_OPTIMIZATION_LEVEL = "-O";
			};
			name = Release;
		};
		BD9131A0269A98D700A8ADC9 /* Debug */ = {
			isa = XCBuildConfiguration;
			buildSettings = {
				ASSETCATALOG_COMPILER_APPICON_NAME = AppIcon;
				ASSETCATALOG_COMPILER_GLOBAL_ACCENT_COLOR_NAME = AccentColor;
				CODE_SIGN_STYLE = Automatic;
				DEVELOPMENT_TEAM = 3JGXJ77W39;
				ENABLE_PREVIEWS = YES;
				INFOPLIST_FILE = iOS/Info.plist;
				IPHONEOS_DEPLOYMENT_TARGET = 14.0;
				LD_RUNPATH_SEARCH_PATHS = (
					"$(inherited)",
					"@executable_path/Frameworks",
				);
				PRODUCT_BUNDLE_IDENTIFIER = "Ocean.Image-Card-Viewer";
				PRODUCT_NAME = "Image Card Viewer";
				SDKROOT = iphoneos;
				SWIFT_VERSION = 5.0;
				TARGETED_DEVICE_FAMILY = "1,2";
			};
			name = Debug;
		};
		BD9131A1269A98D700A8ADC9 /* Release */ = {
			isa = XCBuildConfiguration;
			buildSettings = {
				ASSETCATALOG_COMPILER_APPICON_NAME = AppIcon;
				ASSETCATALOG_COMPILER_GLOBAL_ACCENT_COLOR_NAME = AccentColor;
				CODE_SIGN_STYLE = Automatic;
				DEVELOPMENT_TEAM = 3JGXJ77W39;
				ENABLE_PREVIEWS = YES;
				INFOPLIST_FILE = iOS/Info.plist;
				IPHONEOS_DEPLOYMENT_TARGET = 14.0;
				LD_RUNPATH_SEARCH_PATHS = (
					"$(inherited)",
					"@executable_path/Frameworks",
				);
				PRODUCT_BUNDLE_IDENTIFIER = "Ocean.Image-Card-Viewer";
				PRODUCT_NAME = "Image Card Viewer";
				SDKROOT = iphoneos;
				SWIFT_VERSION = 5.0;
				TARGETED_DEVICE_FAMILY = "1,2";
				VALIDATE_PRODUCT = YES;
			};
			name = Release;
		};
		BD9131A3269A98D700A8ADC9 /* Debug */ = {
			isa = XCBuildConfiguration;
			buildSettings = {
				ASSETCATALOG_COMPILER_APPICON_NAME = AppIcon;
				ASSETCATALOG_COMPILER_GLOBAL_ACCENT_COLOR_NAME = AccentColor;
				CODE_SIGN_ENTITLEMENTS = macOS/macOS.entitlements;
				CODE_SIGN_STYLE = Automatic;
				COMBINE_HIDPI_IMAGES = YES;
				DEVELOPMENT_TEAM = 3JGXJ77W39;
				ENABLE_HARDENED_RUNTIME = YES;
				ENABLE_PREVIEWS = YES;
				INFOPLIST_FILE = macOS/Info.plist;
				LD_RUNPATH_SEARCH_PATHS = (
					"$(inherited)",
					"@executable_path/../Frameworks",
				);
				MACOSX_DEPLOYMENT_TARGET = 11.0;
				PRODUCT_BUNDLE_IDENTIFIER = "Ocean.Image-Card-Viewer";
				PRODUCT_NAME = "Image Card Viewer";
				SDKROOT = macosx;
				SWIFT_VERSION = 5.0;
			};
			name = Debug;
		};
		BD9131A4269A98D700A8ADC9 /* Release */ = {
			isa = XCBuildConfiguration;
			buildSettings = {
				ASSETCATALOG_COMPILER_APPICON_NAME = AppIcon;
				ASSETCATALOG_COMPILER_GLOBAL_ACCENT_COLOR_NAME = AccentColor;
				CODE_SIGN_ENTITLEMENTS = macOS/macOS.entitlements;
				CODE_SIGN_STYLE = Automatic;
				COMBINE_HIDPI_IMAGES = YES;
				DEVELOPMENT_TEAM = 3JGXJ77W39;
				ENABLE_HARDENED_RUNTIME = YES;
				ENABLE_PREVIEWS = YES;
				INFOPLIST_FILE = macOS/Info.plist;
				LD_RUNPATH_SEARCH_PATHS = (
					"$(inherited)",
					"@executable_path/../Frameworks",
				);
				MACOSX_DEPLOYMENT_TARGET = 11.0;
				PRODUCT_BUNDLE_IDENTIFIER = "Ocean.Image-Card-Viewer";
				PRODUCT_NAME = "Image Card Viewer";
				SDKROOT = macosx;
				SWIFT_VERSION = 5.0;
			};
			name = Release;
		};
/* End XCBuildConfiguration section */

/* Begin XCConfigurationList section */
		BD913182269A98D300A8ADC9 /* Build configuration list for PBXProject "Image Card Viewer" */ = {
			isa = XCConfigurationList;
			buildConfigurations = (
				BD91319D269A98D700A8ADC9 /* Debug */,
				BD91319E269A98D700A8ADC9 /* Release */,
			);
			defaultConfigurationIsVisible = 0;
			defaultConfigurationName = Release;
		};
		BD91319F269A98D700A8ADC9 /* Build configuration list for PBXNativeTarget "Image Card Viewer (iOS)" */ = {
			isa = XCConfigurationList;
			buildConfigurations = (
				BD9131A0269A98D700A8ADC9 /* Debug */,
				BD9131A1269A98D700A8ADC9 /* Release */,
			);
			defaultConfigurationIsVisible = 0;
			defaultConfigurationName = Release;
		};
		BD9131A2269A98D700A8ADC9 /* Build configuration list for PBXNativeTarget "Image Card Viewer (macOS)" */ = {
			isa = XCConfigurationList;
			buildConfigurations = (
				BD9131A3269A98D700A8ADC9 /* Debug */,
				BD9131A4269A98D700A8ADC9 /* Release */,
			);
			defaultConfigurationIsVisible = 0;
			defaultConfigurationName = Release;
		};
/* End XCConfigurationList section */
	};
	rootObject = BD91317F269A98D300A8ADC9 /* Project object */;
}
